
Microsoft Visual Studio Solution File, Format Version 12.00
# Visual Studio Version 17
VisualStudioVersion = 17.8.34525.116
MinimumVisualStudioVersion = 10.0.40219.1
Project("{FAE04EC0-301F-11D3-BF4B-00C04F79EFBC}") = "RoboController", "RoboController\RoboController.csproj", "{DE16F7EB-3315-4C23-B373-ED345DE3F81E}"
EndProject
Project("{FAE04EC0-301F-11D3-BF4B-00C04F79EFBC}") = "RoboController.Tests", "RoboController.Tests\RoboController.Tests.csproj", "{3CAF1977-6FB4-4A2C-A64E-127A838E2E23}"
EndProject
Global
	GlobalSection(SolutionConfigurationPlatforms) = preSolution
		Debug|Any CPU = Debug|Any CPU
		Release|Any CPU = Release|Any CPU
	EndGlobalSection
	GlobalSection(ProjectConfigurationPlatforms) = postSolution
		{DE16F7EB-3315-4C23-B373-ED345DE3F81E}.Debug|Any CPU.ActiveCfg = Debug|Any CPU
		{DE16F7EB-3315-4C23-B373-ED345DE3F81E}.Debug|Any CPU.Build.0 = Debug|Any CPU
		{DE16F7EB-3315-4C23-B373-ED345DE3F81E}.Release|Any CPU.ActiveCfg = Release|Any CPU
		{DE16F7EB-3315-4C23-B373-ED345DE3F81E}.Release|Any CPU.Build.0 = Release|Any CPU
		{3CAF1977-6FB4-4A2C-A64E-127A838E2E23}.Debug|Any CPU.ActiveCfg = Debug|Any CPU
		{3CAF1977-6FB4-4A2C-A64E-127A838E2E23}.Debug|Any CPU.Build.0 = Debug|Any CPU
		{3CAF1977-6FB4-4A2C-A64E-127A838E2E23}.Release|Any CPU.ActiveCfg = Release|Any CPU
		{3CAF1977-6FB4-4A2C-A64E-127A838E2E23}.Release|Any CPU.Build.0 = Release|Any CPU
	EndGlobalSection
	GlobalSection(SolutionProperties) = preSolution
		HideSolutionNode = FALSE
	EndGlobalSection
	GlobalSection(ExtensibilityGlobals) = postSolution
		SolutionGuid = {B89F312A-E127-41C2-951E-93DDF628CA18}
	EndGlobalSection
EndGlobal
